
Microsoft Visual Studio Solution File, Format Version 12.00
# Visual Studio Version 16
VisualStudioVersion = 16.0.30011.22
MinimumVisualStudioVersion = 10.0.40219.1
Project("{FAE04EC0-301F-11D3-BF4B-00C04F79EFBC}") = "RazorApp", "RazorApp\RazorApp.csproj", "{FEE83FF2-CF91-496F-89E6-A15729396E62}"
EndProject
Global
	GlobalSection(SolutionConfigurationPlatforms) = preSolution
		Debug|Any CPU = Debug|Any CPU
		Release|Any CPU = Release|Any CPU
	EndGlobalSection
	GlobalSection(ProjectConfigurationPlatforms) = postSolution
		{FEE83FF2-CF91-496F-89E6-A15729396E62}.Debug|Any CPU.ActiveCfg = Debug|Any CPU
		{FEE83FF2-CF91-496F-89E6-A15729396E62}.Debug|Any CPU.Build.0 = Debug|Any CPU
		{FEE83FF2-CF91-496F-89E6-A15729396E62}.Release|Any CPU.ActiveCfg = Release|Any CPU
		{FEE83FF2-CF91-496F-89E6-A15729396E62}.Release|Any CPU.Build.0 = Release|Any CPU
	EndGlobalSection
	GlobalSection(SolutionProperties) = preSolution
		HideSolutionNode = FALSE
	EndGlobalSection
	GlobalSection(ExtensibilityGlobals) = postSolution
		SolutionGuid = {15B00F33-BDF1-4C85-AF13-64DA749C8FEC}
	EndGlobalSection
EndGlobal
